
Microsoft Visual Studio Solution File, Format Version 12.00
# Visual Studio 14
VisualStudioVersion = 14.0.25420.1
MinimumVisualStudioVersion = 10.0.40219.1
Project("{FAE04EC0-301F-11D3-BF4B-00C04F79EFBC}") = "OrderM8_mvvm.Droid", "OrderM8_mvvm\OrderM8_mvvm.Droid\OrderM8_mvvm.Droid.csproj", "{FE89D2A6-B111-4551-A40F-E340DBB30F16}"
EndProject
Project("{FAE04EC0-301F-11D3-BF4B-00C04F79EFBC}") = "OrderM8_mvvm.iOS", "OrderM8_mvvm\OrderM8_mvvm.iOS\OrderM8_mvvm.iOS.csproj", "{1FEFBBC9-D640-4E17-853C-53D8EF4D0202}"
EndProject
Project("{FAE04EC0-301F-11D3-BF4B-00C04F79EFBC}") = "OrderM8_mvvm.WinPhone", "OrderM8_mvvm\OrderM8_mvvm.WinPhone\OrderM8_mvvm.WinPhone.csproj", "{A197B983-8247-4E87-92AA-AE643214DF19}"
EndProject
Project("{FAE04EC0-301F-11D3-BF4B-00C04F79EFBC}") = "OrderM8_mvvm.Windows", "OrderM8_mvvm\OrderM8_mvvm.Windows\OrderM8_mvvm.Windows.csproj", "{FD67A9C1-306A-438C-AEBF-2EC8EFED365D}"
EndProject
Project("{FAE04EC0-301F-11D3-BF4B-00C04F79EFBC}") = "OrderM8_mvvm", "OrderM8_mvvm\OrderM8_mvvm\OrderM8_mvvm.csproj", "{F3867507-D1AD-485E-A052-2DA34E567D20}"
EndProject
Project("{FAE04EC0-301F-11D3-BF4B-00C04F79EFBC}") = "REST_Tester", "..\..\..\..\..\..\Users\Thomas\Desktop\Neuer Ordner\Neuer Ordner\Neuer Ordner\REST_Tester\REST_Tester.csproj", "{024CE14D-BB4A-4862-9F14-CD55A642D567}"
EndProject
Global
	GlobalSection(SolutionConfigurationPlatforms) = preSolution
		Ad-Hoc|Any CPU = Ad-Hoc|Any CPU
		Ad-Hoc|ARM = Ad-Hoc|ARM
		Ad-Hoc|iPhone = Ad-Hoc|iPhone
		Ad-Hoc|iPhoneSimulator = Ad-Hoc|iPhoneSimulator
		Ad-Hoc|x64 = Ad-Hoc|x64
		Ad-Hoc|x86 = Ad-Hoc|x86
		AppStore|Any CPU = AppStore|Any CPU
		AppStore|ARM = AppStore|ARM
		AppStore|iPhone = AppStore|iPhone
		AppStore|iPhoneSimulator = AppStore|iPhoneSimulator
		AppStore|x64 = AppStore|x64
		AppStore|x86 = AppStore|x86
		Debug|Any CPU = Debug|Any CPU
		Debug|ARM = Debug|ARM
		Debug|iPhone = Debug|iPhone
		Debug|iPhoneSimulator = Debug|iPhoneSimulator
		Debug|x64 = Debug|x64
		Debug|x86 = Debug|x86
		Release|Any CPU = Release|Any CPU
		Release|ARM = Release|ARM
		Release|iPhone = Release|iPhone
		Release|iPhoneSimulator = Release|iPhoneSimulator
		Release|x64 = Release|x64
		Release|x86 = Release|x86
	EndGlobalSection
	GlobalSection(ProjectConfigurationPlatforms) = postSolution
		{FE89D2A6-B111-4551-A40F-E340DBB30F16}.Ad-Hoc|Any CPU.ActiveCfg = Release|Any CPU
		{FE89D2A6-B111-4551-A40F-E340DBB30F16}.Ad-Hoc|Any CPU.Build.0 = Release|Any CPU
		{FE89D2A6-B111-4551-A40F-E340DBB30F16}.Ad-Hoc|Any CPU.Deploy.0 = Release|Any CPU
		{FE89D2A6-B111-4551-A40F-E340DBB30F16}.Ad-Hoc|ARM.ActiveCfg = Release|Any CPU
		{FE89D2A6-B111-4551-A40F-E340DBB30F16}.Ad-Hoc|ARM.Build.0 = Release|Any CPU
		{FE89D2A6-B111-4551-A40F-E340DBB30F16}.Ad-Hoc|ARM.Deploy.0 = Release|Any CPU
		{FE89D2A6-B111-4551-A40F-E340DBB30F16}.Ad-Hoc|iPhone.ActiveCfg = Release|Any CPU
		{FE89D2A6-B111-4551-A40F-E340DBB30F16}.Ad-Hoc|iPhone.Build.0 = Release|Any CPU
		{FE89D2A6-B111-4551-A40F-E340DBB30F16}.Ad-Hoc|iPhone.Deploy.0 = Release|Any CPU
		{FE89D2A6-B111-4551-A40F-E340DBB30F16}.Ad-Hoc|iPhoneSimulator.ActiveCfg = Release|Any CPU
		{FE89D2A6-B111-4551-A40F-E340DBB30F16}.Ad-Hoc|iPhoneSimulator.Build.0 = Release|Any CPU
		{FE89D2A6-B111-4551-A40F-E340DBB30F16}.Ad-Hoc|iPhoneSimulator.Deploy.0 = Release|Any CPU
		{FE89D2A6-B111-4551-A40F-E340DBB30F16}.Ad-Hoc|x64.ActiveCfg = Release|Any CPU
		{FE89D2A6-B111-4551-A40F-E340DBB30F16}.Ad-Hoc|x64.Build.0 = Release|Any CPU
		{FE89D2A6-B111-4551-A40F-E340DBB30F16}.Ad-Hoc|x64.Deploy.0 = Release|Any CPU
		{FE89D2A6-B111-4551-A40F-E340DBB30F16}.Ad-Hoc|x86.ActiveCfg = Release|Any CPU
		{FE89D2A6-B111-4551-A40F-E340DBB30F16}.Ad-Hoc|x86.Build.0 = Release|Any CPU
		{FE89D2A6-B111-4551-A40F-E340DBB30F16}.Ad-Hoc|x86.Deploy.0 = Release|Any CPU
		{FE89D2A6-B111-4551-A40F-E340DBB30F16}.AppStore|Any CPU.ActiveCfg = Release|Any CPU
		{FE89D2A6-B111-4551-A40F-E340DBB30F16}.AppStore|Any CPU.Build.0 = Release|Any CPU
		{FE89D2A6-B111-4551-A40F-E340DBB30F16}.AppStore|Any CPU.Deploy.0 = Release|Any CPU
		{FE89D2A6-B111-4551-A40F-E340DBB30F16}.AppStore|ARM.ActiveCfg = Release|Any CPU
		{FE89D2A6-B111-4551-A40F-E340DBB30F16}.AppStore|ARM.Build.0 = Release|Any CPU
		{FE89D2A6-B111-4551-A40F-E340DBB30F16}.AppStore|ARM.Deploy.0 = Release|Any CPU
		{FE89D2A6-B111-4551-A40F-E340DBB30F16}.AppStore|iPhone.ActiveCfg = Release|Any CPU
		{FE89D2A6-B111-4551-A40F-E340DBB30F16}.AppStore|iPhone.Build.0 = Release|Any CPU
		{FE89D2A6-B111-4551-A40F-E340DBB30F16}.AppStore|iPhone.Deploy.0 = Release|Any CPU
		{FE89D2A6-B111-4551-A40F-E340DBB30F16}.AppStore|iPhoneSimulator.ActiveCfg = Release|Any CPU
		{FE89D2A6-B111-4551-A40F-E340DBB30F16}.AppStore|iPhoneSimulator.Build.0 = Release|Any CPU
		{FE89D2A6-B111-4551-A40F-E340DBB30F16}.AppStore|iPhoneSimulator.Deploy.0 = Release|Any CPU
		{FE89D2A6-B111-4551-A40F-E340DBB30F16}.AppStore|x64.ActiveCfg = Release|Any CPU
		{FE89D2A6-B111-4551-A40F-E340DBB30F16}.AppStore|x64.Build.0 = Release|Any CPU
		{FE89D2A6-B111-4551-A40F-E340DBB30F16}.AppStore|x64.Deploy.0 = Release|Any CPU
		{FE89D2A6-B111-4551-A40F-E340DBB30F16}.AppStore|x86.ActiveCfg = Release|Any CPU
		{FE89D2A6-B111-4551-A40F-E340DBB30F16}.AppStore|x86.Build.0 = Release|Any CPU
		{FE89D2A6-B111-4551-A40F-E340DBB30F16}.AppStore|x86.Deploy.0 = Release|Any CPU
		{FE89D2A6-B111-4551-A40F-E340DBB30F16}.Debug|Any CPU.ActiveCfg = Debug|Any CPU
		{FE89D2A6-B111-4551-A40F-E340DBB30F16}.Debug|Any CPU.Build.0 = Debug|Any CPU
		{FE89D2A6-B111-4551-A40F-E340DBB30F16}.Debug|Any CPU.Deploy.0 = Debug|Any CPU
		{FE89D2A6-B111-4551-A40F-E340DBB30F16}.Debug|ARM.ActiveCfg = Debug|Any CPU
		{FE89D2A6-B111-4551-A40F-E340DBB30F16}.Debug|ARM.Build.0 = Debug|Any CPU
		{FE89D2A6-B111-4551-A40F-E340DBB30F16}.Debug|ARM.Deploy.0 = Debug|Any CPU
		{FE89D2A6-B111-4551-A40F-E340DBB30F16}.Debug|iPhone.ActiveCfg = Debug|Any CPU
		{FE89D2A6-B111-4551-A40F-E340DBB30F16}.Debug|iPhone.Build.0 = Debug|Any CPU
		{FE89D2A6-B111-4551-A40F-E340DBB30F16}.Debug|iPhone.Deploy.0 = Debug|Any CPU
		{FE89D2A6-B111-4551-A40F-E340DBB30F16}.Debug|iPhoneSimulator.ActiveCfg = Debug|Any CPU
		{FE89D2A6-B111-4551-A40F-E340DBB30F16}.Debug|iPhoneSimulator.Build.0 = Debug|Any CPU
		{FE89D2A6-B111-4551-A40F-E340DBB30F16}.Debug|iPhoneSimulator.Deploy.0 = Debug|Any CPU
		{FE89D2A6-B111-4551-A40F-E340DBB30F16}.Debug|x64.ActiveCfg = Debug|Any CPU
		{FE89D2A6-B111-4551-A40F-E340DBB30F16}.Debug|x64.Build.0 = Debug|Any CPU
		{FE89D2A6-B111-4551-A40F-E340DBB30F16}.Debug|x64.Deploy.0 = Debug|Any CPU
		{FE89D2A6-B111-4551-A40F-E340DBB30F16}.Debug|x86.ActiveCfg = Debug|Any CPU
		{FE89D2A6-B111-4551-A40F-E340DBB30F16}.Debug|x86.Build.0 = Debug|Any CPU
		{FE89D2A6-B111-4551-A40F-E340DBB30F16}.Debug|x86.Deploy.0 = Debug|Any CPU
		{FE89D2A6-B111-4551-A40F-E340DBB30F16}.Release|Any CPU.ActiveCfg = Release|Any CPU
		{FE89D2A6-B111-4551-A40F-E340DBB30F16}.Release|Any CPU.Build.0 = Release|Any CPU
		{FE89D2A6-B111-4551-A40F-E340DBB30F16}.Release|Any CPU.Deploy.0 = Release|Any CPU
		{FE89D2A6-B111-4551-A40F-E340DBB30F16}.Release|ARM.ActiveCfg = Release|Any CPU
		{FE89D2A6-B111-4551-A40F-E340DBB30F16}.Release|ARM.Build.0 = Release|Any CPU
		{FE89D2A6-B111-4551-A40F-E340DBB30F16}.Release|ARM.Deploy.0 = Release|Any CPU
		{FE89D2A6-B111-4551-A40F-E340DBB30F16}.Release|iPhone.ActiveCfg = Release|Any CPU
		{FE89D2A6-B111-4551-A40F-E340DBB30F16}.Release|iPhone.Build.0 = Release|Any CPU
		{FE89D2A6-B111-4551-A40F-E340DBB30F16}.Release|iPhone.Deploy.0 = Release|Any CPU
		{FE89D2A6-B111-4551-A40F-E340DBB30F16}.Release|iPhoneSimulator.ActiveCfg = Release|Any CPU
		{FE89D2A6-B111-4551-A40F-E340DBB30F16}.Release|iPhoneSimulator.Build.0 = Release|Any CPU
		{FE89D2A6-B111-4551-A40F-E340DBB30F16}.Release|iPhoneSimulator.Deploy.0 = Release|Any CPU
		{FE89D2A6-B111-4551-A40F-E340DBB30F16}.Release|x64.ActiveCfg = Release|Any CPU
		{FE89D2A6-B111-4551-A40F-E340DBB30F16}.Release|x64.Build.0 = Release|Any CPU
		{FE89D2A6-B111-4551-A40F-E340DBB30F16}.Release|x64.Deploy.0 = Release|Any CPU
		{FE89D2A6-B111-4551-A40F-E340DBB30F16}.Release|x86.ActiveCfg = Release|Any CPU
		{FE89D2A6-B111-4551-A40F-E340DBB30F16}.Release|x86.Build.0 = Release|Any CPU
		{FE89D2A6-B111-4551-A40F-E340DBB30F16}.Release|x86.Deploy.0 = Release|Any CPU
		{1FEFBBC9-D640-4E17-853C-53D8EF4D0202}.Ad-Hoc|Any CPU.ActiveCfg = Ad-Hoc|iPhone
		{1FEFBBC9-D640-4E17-853C-53D8EF4D0202}.Ad-Hoc|ARM.ActiveCfg = Ad-Hoc|iPhone
		{1FEFBBC9-D640-4E17-853C-53D8EF4D0202}.Ad-Hoc|iPhone.ActiveCfg = Ad-Hoc|iPhone
		{1FEFBBC9-D640-4E17-853C-53D8EF4D0202}.Ad-Hoc|iPhone.Build.0 = Ad-Hoc|iPhone
		{1FEFBBC9-D640-4E17-853C-53D8EF4D0202}.Ad-Hoc|iPhoneSimulator.ActiveCfg = Ad-Hoc|iPhoneSimulator
		{1FEFBBC9-D640-4E17-853C-53D8EF4D0202}.Ad-Hoc|iPhoneSimulator.Build.0 = Ad-Hoc|iPhoneSimulator
		{1FEFBBC9-D640-4E17-853C-53D8EF4D0202}.Ad-Hoc|x64.ActiveCfg = Ad-Hoc|iPhone
		{1FEFBBC9-D640-4E17-853C-53D8EF4D0202}.Ad-Hoc|x86.ActiveCfg = Ad-Hoc|iPhone
		{1FEFBBC9-D640-4E17-853C-53D8EF4D0202}.AppStore|Any CPU.ActiveCfg = AppStore|iPhone
		{1FEFBBC9-D640-4E17-853C-53D8EF4D0202}.AppStore|ARM.ActiveCfg = AppStore|iPhone
		{1FEFBBC9-D640-4E17-853C-53D8EF4D0202}.AppStore|iPhone.ActiveCfg = AppStore|iPhone
		{1FEFBBC9-D640-4E17-853C-53D8EF4D0202}.AppStore|iPhone.Build.0 = AppStore|iPhone
		{1FEFBBC9-D640-4E17-853C-53D8EF4D0202}.AppStore|iPhoneSimulator.ActiveCfg = AppStore|iPhoneSimulator
		{1FEFBBC9-D640-4E17-853C-53D8EF4D0202}.AppStore|iPhoneSimulator.Build.0 = AppStore|iPhoneSimulator
		{1FEFBBC9-D640-4E17-853C-53D8EF4D0202}.AppStore|x64.ActiveCfg = AppStore|iPhone
		{1FEFBBC9-D640-4E17-853C-53D8EF4D0202}.AppStore|x86.ActiveCfg = AppStore|iPhone
		{1FEFBBC9-D640-4E17-853C-53D8EF4D0202}.Debug|Any CPU.ActiveCfg = Debug|iPhone
		{1FEFBBC9-D640-4E17-853C-53D8EF4D0202}.Debug|ARM.ActiveCfg = Debug|iPhone
		{1FEFBBC9-D640-4E17-853C-53D8EF4D0202}.Debug|iPhone.ActiveCfg = Debug|iPhone
		{1FEFBBC9-D640-4E17-853C-53D8EF4D0202}.Debug|iPhone.Build.0 = Debug|iPhone
		{1FEFBBC9-D640-4E17-853C-53D8EF4D0202}.Debug|iPhoneSimulator.ActiveCfg = Debug|iPhoneSimulator
		{1FEFBBC9-D640-4E17-853C-53D8EF4D0202}.Debug|iPhoneSimulator.Build.0 = Debug|iPhoneSimulator
		{1FEFBBC9-D640-4E17-853C-53D8EF4D0202}.Debug|x64.ActiveCfg = Debug|iPhone
		{1FEFBBC9-D640-4E17-853C-53D8EF4D0202}.Debug|x86.ActiveCfg = Debug|iPhone
		{1FEFBBC9-D640-4E17-853C-53D8EF4D0202}.Release|Any CPU.ActiveCfg = Release|iPhone
		{1FEFBBC9-D640-4E17-853C-53D8EF4D0202}.Release|ARM.ActiveCfg = Release|iPhone
		{1FEFBBC9-D640-4E17-853C-53D8EF4D0202}.Release|iPhone.ActiveCfg = Release|iPhone
		{1FEFBBC9-D640-4E17-853C-53D8EF4D0202}.Release|iPhone.Build.0 = Release|iPhone
		{1FEFBBC9-D640-4E17-853C-53D8EF4D0202}.Release|iPhoneSimulator.ActiveCfg = Release|iPhoneSimulator
		{1FEFBBC9-D640-4E17-853C-53D8EF4D0202}.Release|iPhoneSimulator.Build.0 = Release|iPhoneSimulator
		{1FEFBBC9-D640-4E17-853C-53D8EF4D0202}.Release|x64.ActiveCfg = Release|iPhone
		{1FEFBBC9-D640-4E17-853C-53D8EF4D0202}.Release|x86.ActiveCfg = Release|iPhone
		{A197B983-8247-4E87-92AA-AE643214DF19}.Ad-Hoc|Any CPU.ActiveCfg = Release|Any CPU
		{A197B983-8247-4E87-92AA-AE643214DF19}.Ad-Hoc|Any CPU.Build.0 = Release|Any CPU
		{A197B983-8247-4E87-92AA-AE643214DF19}.Ad-Hoc|Any CPU.Deploy.0 = Release|Any CPU
		{A197B983-8247-4E87-92AA-AE643214DF19}.Ad-Hoc|ARM.ActiveCfg = Release|ARM
		{A197B983-8247-4E87-92AA-AE643214DF19}.Ad-Hoc|ARM.Build.0 = Release|ARM
		{A197B983-8247-4E87-92AA-AE643214DF19}.Ad-Hoc|ARM.Deploy.0 = Release|ARM
		{A197B983-8247-4E87-92AA-AE643214DF19}.Ad-Hoc|iPhone.ActiveCfg = Release|Any CPU
		{A197B983-8247-4E87-92AA-AE643214DF19}.Ad-Hoc|iPhone.Build.0 = Release|Any CPU
		{A197B983-8247-4E87-92AA-AE643214DF19}.Ad-Hoc|iPhone.Deploy.0 = Release|Any CPU
		{A197B983-8247-4E87-92AA-AE643214DF19}.Ad-Hoc|iPhoneSimulator.ActiveCfg = Release|Any CPU
		{A197B983-8247-4E87-92AA-AE643214DF19}.Ad-Hoc|iPhoneSimulator.Build.0 = Release|Any CPU
		{A197B983-8247-4E87-92AA-AE643214DF19}.Ad-Hoc|iPhoneSimulator.Deploy.0 = Release|Any CPU
		{A197B983-8247-4E87-92AA-AE643214DF19}.Ad-Hoc|x64.ActiveCfg = Release|Any CPU
		{A197B983-8247-4E87-92AA-AE643214DF19}.Ad-Hoc|x64.Build.0 = Release|Any CPU
		{A197B983-8247-4E87-92AA-AE643214DF19}.Ad-Hoc|x64.Deploy.0 = Release|Any CPU
		{A197B983-8247-4E87-92AA-AE643214DF19}.Ad-Hoc|x86.ActiveCfg = Release|x86
		{A197B983-8247-4E87-92AA-AE643214DF19}.Ad-Hoc|x86.Build.0 = Release|x86
		{A197B983-8247-4E87-92AA-AE643214DF19}.Ad-Hoc|x86.Deploy.0 = Release|x86
		{A197B983-8247-4E87-92AA-AE643214DF19}.AppStore|Any CPU.ActiveCfg = Release|Any CPU
		{A197B983-8247-4E87-92AA-AE643214DF19}.AppStore|Any CPU.Build.0 = Release|Any CPU
		{A197B983-8247-4E87-92AA-AE643214DF19}.AppStore|Any CPU.Deploy.0 = Release|Any CPU
		{A197B983-8247-4E87-92AA-AE643214DF19}.AppStore|ARM.ActiveCfg = Release|ARM
		{A197B983-8247-4E87-92AA-AE643214DF19}.AppStore|ARM.Build.0 = Release|ARM
		{A197B983-8247-4E87-92AA-AE643214DF19}.AppStore|ARM.Deploy.0 = Release|ARM
		{A197B983-8247-4E87-92AA-AE643214DF19}.AppStore|iPhone.ActiveCfg = Release|Any CPU
		{A197B983-8247-4E87-92AA-AE643214DF19}.AppStore|iPhone.Build.0 = Release|Any CPU
		{A197B983-8247-4E87-92AA-AE643214DF19}.AppStore|iPhone.Deploy.0 = Release|Any CPU
		{A197B983-8247-4E87-92AA-AE643214DF19}.AppStore|iPhoneSimulator.ActiveCfg = Release|Any CPU
		{A197B983-8247-4E87-92AA-AE643214DF19}.AppStore|iPhoneSimulator.Build.0 = Release|Any CPU
		{A197B983-8247-4E87-92AA-AE643214DF19}.AppStore|iPhoneSimulator.Deploy.0 = Release|Any CPU
		{A197B983-8247-4E87-92AA-AE643214DF19}.AppStore|x64.ActiveCfg = Release|Any CPU
		{A197B983-8247-4E87-92AA-AE643214DF19}.AppStore|x64.Build.0 = Release|Any CPU
		{A197B983-8247-4E87-92AA-AE643214DF19}.AppStore|x64.Deploy.0 = Release|Any CPU
		{A197B983-8247-4E87-92AA-AE643214DF19}.AppStore|x86.ActiveCfg = Release|x86
		{A197B983-8247-4E87-92AA-AE643214DF19}.AppStore|x86.Build.0 = Release|x86
		{A197B983-8247-4E87-92AA-AE643214DF19}.AppStore|x86.Deploy.0 = Release|x86
		{A197B983-8247-4E87-92AA-AE643214DF19}.Debug|Any CPU.ActiveCfg = Debug|Any CPU
		{A197B983-8247-4E87-92AA-AE643214DF19}.Debug|Any CPU.Build.0 = Debug|Any CPU
		{A197B983-8247-4E87-92AA-AE643214DF19}.Debug|Any CPU.Deploy.0 = Debug|Any CPU
		{A197B983-8247-4E87-92AA-AE643214DF19}.Debug|ARM.ActiveCfg = Debug|ARM
		{A197B983-8247-4E87-92AA-AE643214DF19}.Debug|ARM.Build.0 = Debug|ARM
		{A197B983-8247-4E87-92AA-AE643214DF19}.Debug|ARM.Deploy.0 = Debug|ARM
		{A197B983-8247-4E87-92AA-AE643214DF19}.Debug|iPhone.ActiveCfg = Debug|Any CPU
		{A197B983-8247-4E87-92AA-AE643214DF19}.Debug|iPhone.Build.0 = Debug|Any CPU
		{A197B983-8247-4E87-92AA-AE643214DF19}.Debug|iPhone.Deploy.0 = Debug|Any CPU
		{A197B983-8247-4E87-92AA-AE643214DF19}.Debug|iPhoneSimulator.ActiveCfg = Debug|Any CPU
		{A197B983-8247-4E87-92AA-AE643214DF19}.Debug|iPhoneSimulator.Build.0 = Debug|Any CPU
		{A197B983-8247-4E87-92AA-AE643214DF19}.Debug|iPhoneSimulator.Deploy.0 = Debug|Any CPU
		{A197B983-8247-4E87-92AA-AE643214DF19}.Debug|x64.ActiveCfg = Debug|Any CPU
		{A197B983-8247-4E87-92AA-AE643214DF19}.Debug|x64.Build.0 = Debug|Any CPU
		{A197B983-8247-4E87-92AA-AE643214DF19}.Debug|x64.Deploy.0 = Debug|Any CPU
		{A197B983-8247-4E87-92AA-AE643214DF19}.Debug|x86.ActiveCfg = Debug|x86
		{A197B983-8247-4E87-92AA-AE643214DF19}.Debug|x86.Build.0 = Debug|x86
		{A197B983-8247-4E87-92AA-AE643214DF19}.Debug|x86.Deploy.0 = Debug|x86
		{A197B983-8247-4E87-92AA-AE643214DF19}.Release|Any CPU.ActiveCfg = Release|Any CPU
		{A197B983-8247-4E87-92AA-AE643214DF19}.Release|Any CPU.Build.0 = Release|Any CPU
		{A197B983-8247-4E87-92AA-AE643214DF19}.Release|Any CPU.Deploy.0 = Release|Any CPU
		{A197B983-8247-4E87-92AA-AE643214DF19}.Release|ARM.ActiveCfg = Release|ARM
		{A197B983-8247-4E87-92AA-AE643214DF19}.Release|ARM.Build.0 = Release|ARM
		{A197B983-8247-4E87-92AA-AE643214DF19}.Release|ARM.Deploy.0 = Release|ARM
		{A197B983-8247-4E87-92AA-AE643214DF19}.Release|iPhone.ActiveCfg = Release|Any CPU
		{A197B983-8247-4E87-92AA-AE643214DF19}.Release|iPhone.Build.0 = Release|Any CPU
		{A197B983-8247-4E87-92AA-AE643214DF19}.Release|iPhone.Deploy.0 = Release|Any CPU
		{A197B983-8247-4E87-92AA-AE643214DF19}.Release|iPhoneSimulator.ActiveCfg = Release|Any CPU
		{A197B983-8247-4E87-92AA-AE643214DF19}.Release|iPhoneSimulator.Build.0 = Release|Any CPU
		{A197B983-8247-4E87-92AA-AE643214DF19}.Release|iPhoneSimulator.Deploy.0 = Release|Any CPU
		{A197B983-8247-4E87-92AA-AE643214DF19}.Release|x64.ActiveCfg = Release|Any CPU
		{A197B983-8247-4E87-92AA-AE643214DF19}.Release|x64.Build.0 = Release|Any CPU
		{A197B983-8247-4E87-92AA-AE643214DF19}.Release|x64.Deploy.0 = Release|Any CPU
		{A197B983-8247-4E87-92AA-AE643214DF19}.Release|x86.ActiveCfg = Release|x86
		{A197B983-8247-4E87-92AA-AE643214DF19}.Release|x86.Build.0 = Release|x86
		{A197B983-8247-4E87-92AA-AE643214DF19}.Release|x86.Deploy.0 = Release|x86
		{FD67A9C1-306A-438C-AEBF-2EC8EFED365D}.Ad-Hoc|Any CPU.ActiveCfg = Release|Any CPU
		{FD67A9C1-306A-438C-AEBF-2EC8EFED365D}.Ad-Hoc|Any CPU.Build.0 = Release|Any CPU
		{FD67A9C1-306A-438C-AEBF-2EC8EFED365D}.Ad-Hoc|Any CPU.Deploy.0 = Release|Any CPU
		{FD67A9C1-306A-438C-AEBF-2EC8EFED365D}.Ad-Hoc|ARM.ActiveCfg = Release|ARM
		{FD67A9C1-306A-438C-AEBF-2EC8EFED365D}.Ad-Hoc|ARM.Build.0 = Release|ARM
		{FD67A9C1-306A-438C-AEBF-2EC8EFED365D}.Ad-Hoc|ARM.Deploy.0 = Release|ARM
		{FD67A9C1-306A-438C-AEBF-2EC8EFED365D}.Ad-Hoc|iPhone.ActiveCfg = Release|Any CPU
		{FD67A9C1-306A-438C-AEBF-2EC8EFED365D}.Ad-Hoc|iPhone.Build.0 = Release|Any CPU
		{FD67A9C1-306A-438C-AEBF-2EC8EFED365D}.Ad-Hoc|iPhone.Deploy.0 = Release|Any CPU
		{FD67A9C1-306A-438C-AEBF-2EC8EFED365D}.Ad-Hoc|iPhoneSimulator.ActiveCfg = Release|Any CPU
		{FD67A9C1-306A-438C-AEBF-2EC8EFED365D}.Ad-Hoc|iPhoneSimulator.Build.0 = Release|Any CPU
		{FD67A9C1-306A-438C-AEBF-2EC8EFED365D}.Ad-Hoc|iPhoneSimulator.Deploy.0 = Release|Any CPU
		{FD67A9C1-306A-438C-AEBF-2EC8EFED365D}.Ad-Hoc|x64.ActiveCfg = Release|x64
		{FD67A9C1-306A-438C-AEBF-2EC8EFED365D}.Ad-Hoc|x64.Build.0 = Release|x64
		{FD67A9C1-306A-438C-AEBF-2EC8EFED365D}.Ad-Hoc|x64.Deploy.0 = Release|x64
		{FD67A9C1-306A-438C-AEBF-2EC8EFED365D}.Ad-Hoc|x86.ActiveCfg = Release|x86
		{FD67A9C1-306A-438C-AEBF-2EC8EFED365D}.Ad-Hoc|x86.Build.0 = Release|x86
		{FD67A9C1-306A-438C-AEBF-2EC8EFED365D}.Ad-Hoc|x86.Deploy.0 = Release|x86
		{FD67A9C1-306A-438C-AEBF-2EC8EFED365D}.AppStore|Any CPU.ActiveCfg = Release|Any CPU
		{FD67A9C1-306A-438C-AEBF-2EC8EFED365D}.AppStore|Any CPU.Build.0 = Release|Any CPU
		{FD67A9C1-306A-438C-AEBF-2EC8EFED365D}.AppStore|Any CPU.Deploy.0 = Release|Any CPU
		{FD67A9C1-306A-438C-AEBF-2EC8EFED365D}.AppStore|ARM.ActiveCfg = Release|ARM
		{FD67A9C1-306A-438C-AEBF-2EC8EFED365D}.AppStore|ARM.Build.0 = Release|ARM
		{FD67A9C1-306A-438C-AEBF-2EC8EFED365D}.AppStore|ARM.Deploy.0 = Release|ARM
		{FD67A9C1-306A-438C-AEBF-2EC8EFED365D}.AppStore|iPhone.ActiveCfg = Release|Any CPU
		{FD67A9C1-306A-438C-AEBF-2EC8EFED365D}.AppStore|iPhone.Build.0 = Release|Any CPU
		{FD67A9C1-306A-438C-AEBF-2EC8EFED365D}.AppStore|iPhone.Deploy.0 = Release|Any CPU
		{FD67A9C1-306A-438C-AEBF-2EC8EFED365D}.AppStore|iPhoneSimulator.ActiveCfg = Release|Any CPU
		{FD67A9C1-306A-438C-AEBF-2EC8EFED365D}.AppStore|iPhoneSimulator.Build.0 = Release|Any CPU
		{FD67A9C1-306A-438C-AEBF-2EC8EFED365D}.AppStore|iPhoneSimulator.Deploy.0 = Release|Any CPU
		{FD67A9C1-306A-438C-AEBF-2EC8EFED365D}.AppStore|x64.ActiveCfg = Release|x64
		{FD67A9C1-306A-438C-AEBF-2EC8EFED365D}.AppStore|x64.Build.0 = Release|x64
		{FD67A9C1-306A-438C-AEBF-2EC8EFED365D}.AppStore|x64.Deploy.0 = Release|x64
		{FD67A9C1-306A-438C-AEBF-2EC8EFED365D}.AppStore|x86.ActiveCfg = Release|x86
		{FD67A9C1-306A-438C-AEBF-2EC8EFED365D}.AppStore|x86.Build.0 = Release|x86
		{FD67A9C1-306A-438C-AEBF-2EC8EFED365D}.AppStore|x86.Deploy.0 = Release|x86
		{FD67A9C1-306A-438C-AEBF-2EC8EFED365D}.Debug|Any CPU.ActiveCfg = Debug|Any CPU
		{FD67A9C1-306A-438C-AEBF-2EC8EFED365D}.Debug|Any CPU.Build.0 = Debug|Any CPU
		{FD67A9C1-306A-438C-AEBF-2EC8EFED365D}.Debug|Any CPU.Deploy.0 = Debug|Any CPU
		{FD67A9C1-306A-438C-AEBF-2EC8EFED365D}.Debug|ARM.ActiveCfg = Debug|ARM
		{FD67A9C1-306A-438C-AEBF-2EC8EFED365D}.Debug|ARM.Build.0 = Debug|ARM
		{FD67A9C1-306A-438C-AEBF-2EC8EFED365D}.Debug|ARM.Deploy.0 = Debug|ARM
		{FD67A9C1-306A-438C-AEBF-2EC8EFED365D}.Debug|iPhone.ActiveCfg = Debug|Any CPU
		{FD67A9C1-306A-438C-AEBF-2EC8EFED365D}.Debug|iPhone.Build.0 = Debug|Any CPU
		{FD67A9C1-306A-438C-AEBF-2EC8EFED365D}.Debug|iPhone.Deploy.0 = Debug|Any CPU
		{FD67A9C1-306A-438C-AEBF-2EC8EFED365D}.Debug|iPhoneSimulator.ActiveCfg = Debug|Any CPU
		{FD67A9C1-306A-438C-AEBF-2EC8EFED365D}.Debug|iPhoneSimulator.Build.0 = Debug|Any CPU
		{FD67A9C1-306A-438C-AEBF-2EC8EFED365D}.Debug|iPhoneSimulator.Deploy.0 = Debug|Any CPU
		{FD67A9C1-306A-438C-AEBF-2EC8EFED365D}.Debug|x64.ActiveCfg = Debug|x64
		{FD67A9C1-306A-438C-AEBF-2EC8EFED365D}.Debug|x64.Build.0 = Debug|x64
		{FD67A9C1-306A-438C-AEBF-2EC8EFED365D}.Debug|x64.Deploy.0 = Debug|x64
		{FD67A9C1-306A-438C-AEBF-2EC8EFED365D}.Debug|x86.ActiveCfg = Debug|x86
		{FD67A9C1-306A-438C-AEBF-2EC8EFED365D}.Debug|x86.Build.0 = Debug|x86
		{FD67A9C1-306A-438C-AEBF-2EC8EFED365D}.Debug|x86.Deploy.0 = Debug|x86
		{FD67A9C1-306A-438C-AEBF-2EC8EFED365D}.Release|Any CPU.ActiveCfg = Release|Any CPU
		{FD67A9C1-306A-438C-AEBF-2EC8EFED365D}.Release|Any CPU.Build.0 = Release|Any CPU
		{FD67A9C1-306A-438C-AEBF-2EC8EFED365D}.Release|Any CPU.Deploy.0 = Release|Any CPU
		{FD67A9C1-306A-438C-AEBF-2EC8EFED365D}.Release|ARM.ActiveCfg = Release|ARM
		{FD67A9C1-306A-438C-AEBF-2EC8EFED365D}.Release|ARM.Build.0 = Release|ARM
		{FD67A9C1-306A-438C-AEBF-2EC8EFED365D}.Release|ARM.Deploy.0 = Release|ARM
		{FD67A9C1-306A-438C-AEBF-2EC8EFED365D}.Release|iPhone.ActiveCfg = Release|Any CPU
		{FD67A9C1-306A-438C-AEBF-2EC8EFED365D}.Release|iPhone.Build.0 = Release|Any CPU
		{FD67A9C1-306A-438C-AEBF-2EC8EFED365D}.Release|iPhone.Deploy.0 = Release|Any CPU
		{FD67A9C1-306A-438C-AEBF-2EC8EFED365D}.Release|iPhoneSimulator.ActiveCfg = Release|Any CPU
		{FD67A9C1-306A-438C-AEBF-2EC8EFED365D}.Release|iPhoneSimulator.Build.0 = Release|Any CPU
		{FD67A9C1-306A-438C-AEBF-2EC8EFED365D}.Release|iPhoneSimulator.Deploy.0 = Release|Any CPU
		{FD67A9C1-306A-438C-AEBF-2EC8EFED365D}.Release|x64.ActiveCfg = Release|x64
		{FD67A9C1-306A-438C-AEBF-2EC8EFED365D}.Release|x64.Build.0 = Release|x64
		{FD67A9C1-306A-438C-AEBF-2EC8EFED365D}.Release|x64.Deploy.0 = Release|x64
		{FD67A9C1-306A-438C-AEBF-2EC8EFED365D}.Release|x86.ActiveCfg = Release|x86
		{FD67A9C1-306A-438C-AEBF-2EC8EFED365D}.Release|x86.Build.0 = Release|x86
		{FD67A9C1-306A-438C-AEBF-2EC8EFED365D}.Release|x86.Deploy.0 = Release|x86
		{F3867507-D1AD-485E-A052-2DA34E567D20}.Ad-Hoc|Any CPU.ActiveCfg = Release|Any CPU
		{F3867507-D1AD-485E-A052-2DA34E567D20}.Ad-Hoc|Any CPU.Build.0 = Release|Any CPU
		{F3867507-D1AD-485E-A052-2DA34E567D20}.Ad-Hoc|ARM.ActiveCfg = Release|Any CPU
		{F3867507-D1AD-485E-A052-2DA34E567D20}.Ad-Hoc|ARM.Build.0 = Release|Any CPU
		{F3867507-D1AD-485E-A052-2DA34E567D20}.Ad-Hoc|iPhone.ActiveCfg = Release|Any CPU
		{F3867507-D1AD-485E-A052-2DA34E567D20}.Ad-Hoc|iPhone.Build.0 = Release|Any CPU
		{F3867507-D1AD-485E-A052-2DA34E567D20}.Ad-Hoc|iPhoneSimulator.ActiveCfg = Release|Any CPU
		{F3867507-D1AD-485E-A052-2DA34E567D20}.Ad-Hoc|iPhoneSimulator.Build.0 = Release|Any CPU
		{F3867507-D1AD-485E-A052-2DA34E567D20}.Ad-Hoc|x64.ActiveCfg = Release|Any CPU
		{F3867507-D1AD-485E-A052-2DA34E567D20}.Ad-Hoc|x64.Build.0 = Release|Any CPU
		{F3867507-D1AD-485E-A052-2DA34E567D20}.Ad-Hoc|x86.ActiveCfg = Release|Any CPU
		{F3867507-D1AD-485E-A052-2DA34E567D20}.Ad-Hoc|x86.Build.0 = Release|Any CPU
		{F3867507-D1AD-485E-A052-2DA34E567D20}.AppStore|Any CPU.ActiveCfg = Release|Any CPU
		{F3867507-D1AD-485E-A052-2DA34E567D20}.AppStore|Any CPU.Build.0 = Release|Any CPU
		{F3867507-D1AD-485E-A052-2DA34E567D20}.AppStore|ARM.ActiveCfg = Release|Any CPU
		{F3867507-D1AD-485E-A052-2DA34E567D20}.AppStore|ARM.Build.0 = Release|Any CPU
		{F3867507-D1AD-485E-A052-2DA34E567D20}.AppStore|iPhone.ActiveCfg = Release|Any CPU
		{F3867507-D1AD-485E-A052-2DA34E567D20}.AppStore|iPhone.Build.0 = Release|Any CPU
		{F3867507-D1AD-485E-A052-2DA34E567D20}.AppStore|iPhoneSimulator.ActiveCfg = Release|Any CPU
		{F3867507-D1AD-485E-A052-2DA34E567D20}.AppStore|iPhoneSimulator.Build.0 = Release|Any CPU
		{F3867507-D1AD-485E-A052-2DA34E567D20}.AppStore|x64.ActiveCfg = Release|Any CPU
		{F3867507-D1AD-485E-A052-2DA34E567D20}.AppStore|x64.Build.0 = Release|Any CPU
		{F3867507-D1AD-485E-A052-2DA34E567D20}.AppStore|x86.ActiveCfg = Release|Any CPU
		{F3867507-D1AD-485E-A052-2DA34E567D20}.AppStore|x86.Build.0 = Release|Any CPU
		{F3867507-D1AD-485E-A052-2DA34E567D20}.Debug|Any CPU.ActiveCfg = Debug|Any CPU
		{F3867507-D1AD-485E-A052-2DA34E567D20}.Debug|Any CPU.Build.0 = Debug|Any CPU
		{F3867507-D1AD-485E-A052-2DA34E567D20}.Debug|ARM.ActiveCfg = Debug|Any CPU
		{F3867507-D1AD-485E-A052-2DA34E567D20}.Debug|ARM.Build.0 = Debug|Any CPU
		{F3867507-D1AD-485E-A052-2DA34E567D20}.Debug|iPhone.ActiveCfg = Debug|Any CPU
		{F3867507-D1AD-485E-A052-2DA34E567D20}.Debug|iPhone.Build.0 = Debug|Any CPU
		{F3867507-D1AD-485E-A052-2DA34E567D20}.Debug|iPhoneSimulator.ActiveCfg = Debug|Any CPU
		{F3867507-D1AD-485E-A052-2DA34E567D20}.Debug|iPhoneSimulator.Build.0 = Debug|Any CPU
		{F3867507-D1AD-485E-A052-2DA34E567D20}.Debug|x64.ActiveCfg = Debug|Any CPU
		{F3867507-D1AD-485E-A052-2DA34E567D20}.Debug|x64.Build.0 = Debug|Any CPU
		{F3867507-D1AD-485E-A052-2DA34E567D20}.Debug|x86.ActiveCfg = Debug|Any CPU
		{F3867507-D1AD-485E-A052-2DA34E567D20}.Debug|x86.Build.0 = Debug|Any CPU
		{F3867507-D1AD-485E-A052-2DA34E567D20}.Release|Any CPU.ActiveCfg = Release|Any CPU
		{F3867507-D1AD-485E-A052-2DA34E567D20}.Release|Any CPU.Build.0 = Release|Any CPU
		{F3867507-D1AD-485E-A052-2DA34E567D20}.Release|ARM.ActiveCfg = Release|Any CPU
		{F3867507-D1AD-485E-A052-2DA34E567D20}.Release|ARM.Build.0 = Release|Any CPU
		{F3867507-D1AD-485E-A052-2DA34E567D20}.Release|iPhone.ActiveCfg = Release|Any CPU
		{F3867507-D1AD-485E-A052-2DA34E567D20}.Release|iPhone.Build.0 = Release|Any CPU
		{F3867507-D1AD-485E-A052-2DA34E567D20}.Release|iPhoneSimulator.ActiveCfg = Release|Any CPU
		{F3867507-D1AD-485E-A052-2DA34E567D20}.Release|iPhoneSimulator.Build.0 = Release|Any CPU
		{F3867507-D1AD-485E-A052-2DA34E567D20}.Release|x64.ActiveCfg = Release|Any CPU
		{F3867507-D1AD-485E-A052-2DA34E567D20}.Release|x64.Build.0 = Release|Any CPU
		{F3867507-D1AD-485E-A052-2DA34E567D20}.Release|x86.ActiveCfg = Release|Any CPU
		{F3867507-D1AD-485E-A052-2DA34E567D20}.Release|x86.Build.0 = Release|Any CPU
		{024CE14D-BB4A-4862-9F14-CD55A642D567}.Ad-Hoc|Any CPU.ActiveCfg = Release|Any CPU
		{024CE14D-BB4A-4862-9F14-CD55A642D567}.Ad-Hoc|Any CPU.Build.0 = Release|Any CPU
		{024CE14D-BB4A-4862-9F14-CD55A642D567}.Ad-Hoc|ARM.ActiveCfg = Release|Any CPU
		{024CE14D-BB4A-4862-9F14-CD55A642D567}.Ad-Hoc|ARM.Build.0 = Release|Any CPU
		{024CE14D-BB4A-4862-9F14-CD55A642D567}.Ad-Hoc|iPhone.ActiveCfg = Release|Any CPU
		{024CE14D-BB4A-4862-9F14-CD55A642D567}.Ad-Hoc|iPhone.Build.0 = Release|Any CPU
		{024CE14D-BB4A-4862-9F14-CD55A642D567}.Ad-Hoc|iPhoneSimulator.ActiveCfg = Release|Any CPU
		{024CE14D-BB4A-4862-9F14-CD55A642D567}.Ad-Hoc|iPhoneSimulator.Build.0 = Release|Any CPU
		{024CE14D-BB4A-4862-9F14-CD55A642D567}.Ad-Hoc|x64.ActiveCfg = Release|Any CPU
		{024CE14D-BB4A-4862-9F14-CD55A642D567}.Ad-Hoc|x64.Build.0 = Release|Any CPU
		{024CE14D-BB4A-4862-9F14-CD55A642D567}.Ad-Hoc|x86.ActiveCfg = Release|Any CPU
		{024CE14D-BB4A-4862-9F14-CD55A642D567}.Ad-Hoc|x86.Build.0 = Release|Any CPU
		{024CE14D-BB4A-4862-9F14-CD55A642D567}.AppStore|Any CPU.ActiveCfg = Release|Any CPU
		{024CE14D-BB4A-4862-9F14-CD55A642D567}.AppStore|Any CPU.Build.0 = Release|Any CPU
		{024CE14D-BB4A-4862-9F14-CD55A642D567}.AppStore|ARM.ActiveCfg = Release|Any CPU
		{024CE14D-BB4A-4862-9F14-CD55A642D567}.AppStore|ARM.Build.0 = Release|Any CPU
		{024CE14D-BB4A-4862-9F14-CD55A642D567}.AppStore|iPhone.ActiveCfg = Release|Any CPU
		{024CE14D-BB4A-4862-9F14-CD55A642D567}.AppStore|iPhone.Build.0 = Release|Any CPU
		{024CE14D-BB4A-4862-9F14-CD55A642D567}.AppStore|iPhoneSimulator.ActiveCfg = Release|Any CPU
		{024CE14D-BB4A-4862-9F14-CD55A642D567}.AppStore|iPhoneSimulator.Build.0 = Release|Any CPU
		{024CE14D-BB4A-4862-9F14-CD55A642D567}.AppStore|x64.ActiveCfg = Release|Any CPU
		{024CE14D-BB4A-4862-9F14-CD55A642D567}.AppStore|x64.Build.0 = Release|Any CPU
		{024CE14D-BB4A-4862-9F14-CD55A642D567}.AppStore|x86.ActiveCfg = Release|Any CPU
		{024CE14D-BB4A-4862-9F14-CD55A642D567}.AppStore|x86.Build.0 = Release|Any CPU
		{024CE14D-BB4A-4862-9F14-CD55A642D567}.Debug|Any CPU.ActiveCfg = Debug|Any CPU
		{024CE14D-BB4A-4862-9F14-CD55A642D567}.Debug|Any CPU.Build.0 = Debug|Any CPU
		{024CE14D-BB4A-4862-9F14-CD55A642D567}.Debug|ARM.ActiveCfg = Debug|Any CPU
		{024CE14D-BB4A-4862-9F14-CD55A642D567}.Debug|ARM.Build.0 = Debug|Any CPU
		{024CE14D-BB4A-4862-9F14-CD55A642D567}.Debug|iPhone.ActiveCfg = Debug|Any CPU
		{024CE14D-BB4A-4862-9F14-CD55A642D567}.Debug|iPhone.Build.0 = Debug|Any CPU
		{024CE14D-BB4A-4862-9F14-CD55A642D567}.Debug|iPhoneSimulator.ActiveCfg = Debug|Any CPU
		{024CE14D-BB4A-4862-9F14-CD55A642D567}.Debug|iPhoneSimulator.Build.0 = Debug|Any CPU
		{024CE14D-BB4A-4862-9F14-CD55A642D567}.Debug|x64.ActiveCfg = Debug|Any CPU
		{024CE14D-BB4A-4862-9F14-CD55A642D567}.Debug|x64.Build.0 = Debug|Any CPU
		{024CE14D-BB4A-4862-9F14-CD55A642D567}.Debug|x86.ActiveCfg = Debug|Any CPU
		{024CE14D-BB4A-4862-9F14-CD55A642D567}.Debug|x86.Build.0 = Debug|Any CPU
		{024CE14D-BB4A-4862-9F14-CD55A642D567}.Release|Any CPU.ActiveCfg = Release|Any CPU
		{024CE14D-BB4A-4862-9F14-CD55A642D567}.Release|Any CPU.Build.0 = Release|Any CPU
		{024CE14D-BB4A-4862-9F14-CD55A642D567}.Release|ARM.ActiveCfg = Release|Any CPU
		{024CE14D-BB4A-4862-9F14-CD55A642D567}.Release|ARM.Build.0 = Release|Any CPU
		{024CE14D-BB4A-4862-9F14-CD55A642D567}.Release|iPhone.ActiveCfg = Release|Any CPU
		{024CE14D-BB4A-4862-9F14-CD55A642D567}.Release|iPhone.Build.0 = Release|Any CPU
		{024CE14D-BB4A-4862-9F14-CD55A642D567}.Release|iPhoneSimulator.ActiveCfg = Release|Any CPU
		{024CE14D-BB4A-4862-9F14-CD55A642D567}.Release|iPhoneSimulator.Build.0 = Release|Any CPU
		{024CE14D-BB4A-4862-9F14-CD55A642D567}.Release|x64.ActiveCfg = Release|Any CPU
		{024CE14D-BB4A-4862-9F14-CD55A642D567}.Release|x64.Build.0 = Release|Any CPU
		{024CE14D-BB4A-4862-9F14-CD55A642D567}.Release|x86.ActiveCfg = Release|Any CPU
		{024CE14D-BB4A-4862-9F14-CD55A642D567}.Release|x86.Build.0 = Release|Any CPU
	EndGlobalSection
	GlobalSection(SolutionProperties) = preSolution
		HideSolutionNode = FALSE
	EndGlobalSection
EndGlobal
